
Microsoft Visual Studio Solution File, Format Version 12.00
# Visual Studio Version 17
VisualStudioVersion = 17.11.35303.130
MinimumVisualStudioVersion = 10.0.40219.1
Project("{FAE04EC0-301F-11D3-BF4B-00C04F79EFBC}") = "Game", "Game\Game.csproj", "{78CF7279-1F22-4FC4-AD0B-6DEA145A0E61}"
EndProject
Global
	GlobalSection(SolutionConfigurationPlatforms) = preSolution
		Debug|Any CPU = Debug|Any CPU
		Release|Any CPU = Release|Any CPU
	EndGlobalSection
	GlobalSection(ProjectConfigurationPlatforms) = postSolution
		{78CF7279-1F22-4FC4-AD0B-6DEA145A0E61}.Debug|Any CPU.ActiveCfg = Debug|Any CPU
		{78CF7279-1F22-4FC4-AD0B-6DEA145A0E61}.Debug|Any CPU.Build.0 = Debug|Any CPU
		{78CF7279-1F22-4FC4-AD0B-6DEA145A0E61}.Release|Any CPU.ActiveCfg = Release|Any CPU
		{78CF7279-1F22-4FC4-AD0B-6DEA145A0E61}.Release|Any CPU.Build.0 = Release|Any CPU
	EndGlobalSection
	GlobalSection(SolutionProperties) = preSolution
		HideSolutionNode = FALSE
	EndGlobalSection
	GlobalSection(ExtensibilityGlobals) = postSolution
		SolutionGuid = {18E7936D-A2EB-4B1C-9AD6-8DCC5011FD09}
	EndGlobalSection
EndGlobal
